
Microsoft Visual Studio Solution File, Format Version 12.00
# Visual Studio Version 17
VisualStudioVersion = 17.6.33801.468
MinimumVisualStudioVersion = 10.0.40219.1
Project("{FAE04EC0-301F-11D3-BF4B-00C04F79EFBC}") = "WebApplication2", "WebApplication2\WebApplication2.csproj", "{5559D479-5AA2-417F-A07B-AC39EEAC4A61}"
EndProject
Global
	GlobalSection(SolutionConfigurationPlatforms) = preSolution
		Debug|Any CPU = Debug|Any CPU
		Release|Any CPU = Release|Any CPU
	EndGlobalSection
	GlobalSection(ProjectConfigurationPlatforms) = postSolution
		{5559D479-5AA2-417F-A07B-AC39EEAC4A61}.Debug|Any CPU.ActiveCfg = Debug|Any CPU
		{5559D479-5AA2-417F-A07B-AC39EEAC4A61}.Debug|Any CPU.Build.0 = Debug|Any CPU
		{5559D479-5AA2-417F-A07B-AC39EEAC4A61}.Release|Any CPU.ActiveCfg = Release|Any CPU
		{5559D479-5AA2-417F-A07B-AC39EEAC4A61}.Release|Any CPU.Build.0 = Release|Any CPU
	EndGlobalSection
	GlobalSection(SolutionProperties) = preSolution
		HideSolutionNode = FALSE
	EndGlobalSection
	GlobalSection(ExtensibilityGlobals) = postSolution
		SolutionGuid = {5188F44A-2D7E-4328-9344-9373D5D7A9D8}
	EndGlobalSection
EndGlobal
